<?xml version="1.0" encoding="utf-8"?>
<Project ToolsVersion="4.0" xmlns="http://schemas.microsoft.com/developer/msbuild/2003">
  <ItemGroup>
    <Filter Include="Headers">
      <UniqueIdentifier>{93995380-89BD-4b04-88EB-625FBE52EBFB}</UniqueIdentifier>
      <Extensions>h;hh;hpp;hxx;hm;inl;inc;xsd</Extensions>
    </Filter>
    <Filter Include="Source files">
      <UniqueIdentifier>{4FC737F1-C7A5-4376-A066-2A32D752A2FF}</UniqueIdentifier>
      <Extensions>cpp;c;cc;cxx;def;odl;idl;hpj;bat;asm;asmx</Extensions>
    </Filter>
    <Filter Include="Resource files">
      <UniqueIdentifier>{67DA6AB6-F800-4c08-8B7A-83BB121AAD01}</UniqueIdentifier>
      <Extensions>rc;ico;cur;bmp;dlg;rc2;rct;bin;rgs;gif;jpg;jpeg;jpe;resx;tiff;tif;png;wav;mfcribbon-ms</Extensions>
    </Filter>
    <Filter Include="Frameworks">
      <UniqueIdentifier>{d69d1829-f2b0-49fe-ad7c-9337a46af845}</UniqueIdentifier>
    </Filter>
    <Filter Include="Frameworks\aStarPathfinding">
      <UniqueIdentifier>{e38055fb-241b-4ba6-a2fe-44fbc3d8e8fc}</UniqueIdentifier>
    </Filter>
    <Filter Include="Frameworks\Bullets">
      <UniqueIdentifier>{02b42d3f-cc08-4078-9db3-28cf8c1e1035}</UniqueIdentifier>
    </Filter>
    <Filter Include="Frameworks\Database">
      <UniqueIdentifier>{def84d4b-efb9-4a83-abc3-265d503ba466}</UniqueIdentifier>
    </Filter>
    <Filter Include="Frameworks\Starcraft">
      <UniqueIdentifier>{94702d19-f93e-4802-867f-2e7374eb1547}</UniqueIdentifier>
    </Filter>
    <Filter Include="Frameworks\Tank">
      <UniqueIdentifier>{be47ff98-2e48-444b-bc06-228e1811a006}</UniqueIdentifier>
    </Filter>
    <Filter Include="Frameworks\Knights">
      <UniqueIdentifier>{9b9b1596-8bf5-4624-9610-cdd234a65342}</UniqueIdentifier>
    </Filter>
    <Filter Include="gameNode">
      <UniqueIdentifier>{1c6809fa-a182-415d-b335-789339d2b8f3}</UniqueIdentifier>
    </Filter>
    <Filter Include="Frameworks\LoadingScreen">
      <UniqueIdentifier>{893ef351-d0d3-4ad5-9a32-b336a7737a55}</UniqueIdentifier>
    </Filter>
    <Filter Include="Frameworks\animation">
      <UniqueIdentifier>{51b68636-6ae0-49af-bf4a-892f8f7b08a2}</UniqueIdentifier>
    </Filter>
    <Filter Include="Frameworks\button">
      <UniqueIdentifier>{dfb1b443-ab9e-453f-baa2-74716458daf9}</UniqueIdentifier>
    </Filter>
    <Filter Include="Frameworks\effect">
      <UniqueIdentifier>{dfe7019d-ad5c-4270-a6b2-424ec730d761}</UniqueIdentifier>
    </Filter>
    <Filter Include="Frameworks\image">
      <UniqueIdentifier>{67d5ed0d-353a-42aa-b119-d332b3a34f5b}</UniqueIdentifier>
    </Filter>
    <Filter Include="Frameworks\Manager">
      <UniqueIdentifier>{31408ee8-00de-4740-811d-a6e4fdbcb71f}</UniqueIdentifier>
    </Filter>
    <Filter Include="Frameworks\progressBar">
      <UniqueIdentifier>{4a6444ce-8248-484f-ab94-cd687ab5abe0}</UniqueIdentifier>
    </Filter>
    <Filter Include="Frameworks\timer">
      <UniqueIdentifier>{df29e5e8-0aa0-417d-8bd9-d01fd5d37625}</UniqueIdentifier>
    </Filter>
    <Filter Include="Frameworks\txtData">
      <UniqueIdentifier>{3b61dcdb-a81e-4d48-a808-5227cbbff4b1}</UniqueIdentifier>
    </Filter>
    <Filter Include="Frameworks\UTIL">
      <UniqueIdentifier>{6db62d6e-83d9-406e-9efd-3001d71d8e3d}</UniqueIdentifier>
    </Filter>
    <Filter Include="TUHU">
      <UniqueIdentifier>{994f5136-a4f3-4537-b1bd-999ba2fb370b}</UniqueIdentifier>
    </Filter>
    <Filter Include="TUHU\main">
      <UniqueIdentifier>{f5161bcc-f6e5-4ebf-a664-7cacd133f9c4}</UniqueIdentifier>
    </Filter>
    <Filter Include="TUHU\scenes">
      <UniqueIdentifier>{20568af8-1da5-4e70-9256-9f9ce202aff5}</UniqueIdentifier>
    </Filter>
    <Filter Include="TUHU\scenes\testScene">
      <UniqueIdentifier>{67e22ced-9bc5-411a-a4c7-7950afd63125}</UniqueIdentifier>
    </Filter>
    <Filter Include="TUHU\scenes\mainScene">
      <UniqueIdentifier>{879ffa38-98cd-43a0-a215-94179e3e8132}</UniqueIdentifier>
    </Filter>
    <Filter Include="TUHU\objects">
      <UniqueIdentifier>{00553a2e-2788-4a8b-a318-bf91a5b9c31d}</UniqueIdentifier>
    </Filter>
    <Filter Include="TUHU\scenes\muScene">
      <UniqueIdentifier>{456ca61e-513a-4c99-8090-a09334cbd495}</UniqueIdentifier>
    </Filter>
    <Filter Include="TUHU\scenes\buScene">
      <UniqueIdentifier>{4ffec657-a48f-4d44-be8e-afe1e4411d2f}</UniqueIdentifier>
    </Filter>
  </ItemGroup>
  <ItemGroup>
    <ClInclude Include="stdafx.h">
      <Filter>Headers</Filter>
    </ClInclude>
    <ClInclude Include="targetver.h">
      <Filter>Headers</Filter>
    </ClInclude>
    <ClInclude Include="commonMacroFunction.h">
      <Filter>Headers</Filter>
    </ClInclude>
    <ClInclude Include="singletonBase.h">
      <Filter>Frameworks\Manager</Filter>
    </ClInclude>
    <ClInclude Include="gameNode.h">
      <Filter>gameNode</Filter>
    </ClInclude>
    <ClInclude Include="keyManager.h">
      <Filter>Frameworks\Manager</Filter>
    </ClInclude>
    <ClInclude Include="randomFunction.h">
      <Filter>Headers</Filter>
    </ClInclude>
    <ClInclude Include="utils.h">
      <Filter>Frameworks\UTIL</Filter>
    </ClInclude>
    <ClInclude Include="image.h">
      <Filter>Frameworks\image</Filter>
    </ClInclude>
    <ClInclude Include="imageManager.h">
      <Filter>Frameworks\Manager</Filter>
    </ClInclude>
    <ClInclude Include="bullets.h">
      <Filter>Frameworks\Bullets</Filter>
    </ClInclude>
    <ClInclude Include="txtData.h">
      <Filter>Frameworks\txtData</Filter>
    </ClInclude>
    <ClInclude Include="progressBar.h">
      <Filter>Frameworks\progressBar</Filter>
    </ClInclude>
    <ClInclude Include="timer.h">
      <Filter>Frameworks\timer</Filter>
    </ClInclude>
    <ClInclude Include="timeManager.h">
      <Filter>Frameworks\Manager</Filter>
    </ClInclude>
    <ClInclude Include="animation.h">
      <Filter>Frameworks\animation</Filter>
    </ClInclude>
    <ClInclude Include="effect.h">
      <Filter>Frameworks\effect</Filter>
    </ClInclude>
    <ClInclude Include="effectManager.h">
      <Filter>Frameworks\Manager</Filter>
    </ClInclude>
    <ClInclude Include="soundManager.h">
      <Filter>Frameworks\Manager</Filter>
    </ClInclude>
    <ClInclude Include="starcraftScene.h">
      <Filter>Frameworks\Starcraft</Filter>
    </ClInclude>
    <ClInclude Include="ship.h">
      <Filter>Frameworks\Starcraft</Filter>
    </ClInclude>
    <ClInclude Include="battle.h">
      <Filter>Frameworks\Starcraft</Filter>
    </ClInclude>
    <ClInclude Include="selectScene.h">
      <Filter>Frameworks\Starcraft</Filter>
    </ClInclude>
    <ClInclude Include="sceneManager.h">
      <Filter>Frameworks\Manager</Filter>
    </ClInclude>
    <ClInclude Include="button.h">
      <Filter>Frameworks\button</Filter>
    </ClInclude>
    <ClInclude Include="database.h">
      <Filter>Frameworks\Database</Filter>
    </ClInclude>
    <ClInclude Include="battle2.h">
      <Filter>Frameworks\Starcraft</Filter>
    </ClInclude>
    <ClInclude Include="shipManager.h">
      <Filter>Frameworks\Starcraft</Filter>
    </ClInclude>
    <ClInclude Include="space.h">
      <Filter>Frameworks\Starcraft</Filter>
    </ClInclude>
    <ClInclude Include="loading.h">
      <Filter>Frameworks\LoadingScreen</Filter>
    </ClInclude>
    <ClInclude Include="loadingScene.h">
      <Filter>Frameworks\LoadingScreen</Filter>
    </ClInclude>
    <ClInclude Include="keyAniManager.h">
      <Filter>Frameworks\Manager</Filter>
    </ClInclude>
    <ClInclude Include="ghostsnGoblinsScene.h">
      <Filter>Frameworks\Knights</Filter>
    </ClInclude>
    <ClInclude Include="knight.h">
      <Filter>Frameworks\Knights</Filter>
    </ClInclude>
    <ClInclude Include="jump.h">
      <Filter>Frameworks\Knights</Filter>
    </ClInclude>
    <ClInclude Include="tileNode.h">
      <Filter>Frameworks\Tank</Filter>
    </ClInclude>
    <ClInclude Include="tankMap.h">
      <Filter>Frameworks\Tank</Filter>
    </ClInclude>
    <ClInclude Include="tankScene.h">
      <Filter>Frameworks\Tank</Filter>
    </ClInclude>
    <ClInclude Include="tank.h">
      <Filter>Frameworks\Tank</Filter>
    </ClInclude>
    <ClInclude Include="aStarTest.h">
      <Filter>Frameworks\aStarPathfinding</Filter>
    </ClInclude>
    <ClInclude Include="tile.h">
      <Filter>Frameworks\aStarPathfinding</Filter>
    </ClInclude>
    <ClInclude Include="main.h">
      <Filter>TUHU\main</Filter>
    </ClInclude>
    <ClInclude Include="mainScene.h">
      <Filter>TUHU\scenes\mainScene</Filter>
    </ClInclude>
    <ClInclude Include="testScene.h">
      <Filter>TUHU\scenes\testScene</Filter>
    </ClInclude>
    <ClInclude Include="test.h">
      <Filter>TUHU\objects</Filter>
    </ClInclude>
    <ClInclude Include="buScene.h">
      <Filter>TUHU\scenes\buScene</Filter>
    </ClInclude>
  </ItemGroup>
  <ItemGroup>
    <ClCompile Include="stdafx.cpp">
      <Filter>Source files</Filter>
    </ClCompile>
    <ClCompile Include="winMain.cpp">
      <Filter>Source files</Filter>
    </ClCompile>
    <ClCompile Include="gameNode.cpp">
      <Filter>gameNode</Filter>
    </ClCompile>
    <ClCompile Include="keyManager.cpp">
      <Filter>Frameworks\Manager</Filter>
    </ClCompile>
    <ClCompile Include="utils.cpp">
      <Filter>Frameworks\UTIL</Filter>
    </ClCompile>
    <ClCompile Include="image.cpp">
      <Filter>Frameworks\image</Filter>
    </ClCompile>
    <ClCompile Include="imageManager.cpp">
      <Filter>Frameworks\Manager</Filter>
    </ClCompile>
    <ClCompile Include="bullets.cpp">
      <Filter>Frameworks\Bullets</Filter>
    </ClCompile>
    <ClCompile Include="txtData.cpp">
      <Filter>Frameworks\txtData</Filter>
    </ClCompile>
    <ClCompile Include="progressBar.cpp">
      <Filter>Frameworks\progressBar</Filter>
    </ClCompile>
    <ClCompile Include="timer.cpp">
      <Filter>Frameworks\timer</Filter>
    </ClCompile>
    <ClCompile Include="timeManager.cpp">
      <Filter>Frameworks\Manager</Filter>
    </ClCompile>
    <ClCompile Include="animation.cpp">
      <Filter>Frameworks\animation</Filter>
    </ClCompile>
    <ClCompile Include="effect.cpp">
      <Filter>Frameworks\effect</Filter>
    </ClCompile>
    <ClCompile Include="effectManager.cpp">
      <Filter>Frameworks\Manager</Filter>
    </ClCompile>
    <ClCompile Include="soundManager.cpp">
      <Filter>Frameworks\Manager</Filter>
    </ClCompile>
    <ClCompile Include="starcraftScene.cpp">
      <Filter>Frameworks\Starcraft</Filter>
    </ClCompile>
    <ClCompile Include="ship.cpp">
      <Filter>Frameworks\Starcraft</Filter>
    </ClCompile>
    <ClCompile Include="battle.cpp">
      <Filter>Frameworks\Starcraft</Filter>
    </ClCompile>
    <ClCompile Include="selectScene.cpp">
      <Filter>Frameworks\Starcraft</Filter>
    </ClCompile>
    <ClCompile Include="sceneManager.cpp">
      <Filter>Frameworks\Manager</Filter>
    </ClCompile>
    <ClCompile Include="button.cpp">
      <Filter>Frameworks\button</Filter>
    </ClCompile>
    <ClCompile Include="database.cpp">
      <Filter>Frameworks\Database</Filter>
    </ClCompile>
    <ClCompile Include="battle2.cpp">
      <Filter>Frameworks\Starcraft</Filter>
    </ClCompile>
    <ClCompile Include="shipManager.cpp">
      <Filter>Frameworks\Starcraft</Filter>
    </ClCompile>
    <ClCompile Include="space.cpp">
      <Filter>Frameworks\Starcraft</Filter>
    </ClCompile>
    <ClCompile Include="loading.cpp">
      <Filter>Frameworks\LoadingScreen</Filter>
    </ClCompile>
    <ClCompile Include="loadingScene.cpp">
      <Filter>Frameworks\LoadingScreen</Filter>
    </ClCompile>
    <ClCompile Include="keyAniManager.cpp">
      <Filter>Frameworks\Manager</Filter>
    </ClCompile>
    <ClCompile Include="ghostsnGoblinsScene.cpp">
      <Filter>Frameworks\Knights</Filter>
    </ClCompile>
    <ClCompile Include="knight.cpp">
      <Filter>Frameworks\Knights</Filter>
    </ClCompile>
    <ClCompile Include="jump.cpp">
      <Filter>Frameworks\Knights</Filter>
    </ClCompile>
    <ClCompile Include="tankMap.cpp">
      <Filter>Frameworks\Tank</Filter>
    </ClCompile>
    <ClCompile Include="tankScene.cpp">
      <Filter>Frameworks\Tank</Filter>
    </ClCompile>
    <ClCompile Include="tank.cpp">
      <Filter>Frameworks\Tank</Filter>
    </ClCompile>
    <ClCompile Include="aStarTest.cpp">
      <Filter>Frameworks\aStarPathfinding</Filter>
    </ClCompile>
    <ClCompile Include="tile.cpp">
      <Filter>Frameworks\aStarPathfinding</Filter>
    </ClCompile>
    <ClCompile Include="main.cpp">
      <Filter>TUHU\main</Filter>
    </ClCompile>
    <ClCompile Include="mainScene.cpp">
      <Filter>TUHU\scenes\mainScene</Filter>
    </ClCompile>
    <ClCompile Include="testScene.cpp">
      <Filter>TUHU\scenes\testScene</Filter>
    </ClCompile>
    <ClCompile Include="test.cpp">
      <Filter>TUHU\objects</Filter>
    </ClCompile>
    <ClCompile Include="buScene.cpp">
      <Filter>TUHU\scenes\buScene</Filter>
    </ClCompile>
  </ItemGroup>
</Project>